
Microsoft Visual Studio Solution File, Format Version 12.00
# Visual Studio Version 17
VisualStudioVersion = 17.7.34221.43
MinimumVisualStudioVersion = 10.0.40219.1
Project("{FAE04EC0-301F-11D3-BF4B-00C04F79EFBC}") = "MagicVilla_API", "MagicVilla_API\MagicVilla_API.csproj", "{0C99B537-AB09-4EB2-A042-23D5C0908A5D}"
EndProject
Global
	GlobalSection(SolutionConfigurationPlatforms) = preSolution
		Debug|Any CPU = Debug|Any CPU
		Release|Any CPU = Release|Any CPU
	EndGlobalSection
	GlobalSection(ProjectConfigurationPlatforms) = postSolution
		{0C99B537-AB09-4EB2-A042-23D5C0908A5D}.Debug|Any CPU.ActiveCfg = Debug|Any CPU
		{0C99B537-AB09-4EB2-A042-23D5C0908A5D}.Debug|Any CPU.Build.0 = Debug|Any CPU
		{0C99B537-AB09-4EB2-A042-23D5C0908A5D}.Release|Any CPU.ActiveCfg = Release|Any CPU
		{0C99B537-AB09-4EB2-A042-23D5C0908A5D}.Release|Any CPU.Build.0 = Release|Any CPU
	EndGlobalSection
	GlobalSection(SolutionProperties) = preSolution
		HideSolutionNode = FALSE
	EndGlobalSection
	GlobalSection(ExtensibilityGlobals) = postSolution
		SolutionGuid = {FA0A4608-1F9E-4C15-AA57-D7B144D63025}
	EndGlobalSection
EndGlobal
